
Microsoft Visual Studio Solution File, Format Version 12.00
# Visual Studio Version 17
VisualStudioVersion = 17.9.34714.143
MinimumVisualStudioVersion = 10.0.40219.1
Project("{9A19103F-16F7-4668-BE54-9A1E7A4F7556}") = "TuPencaUy.Core.API", "TuPencaUy.CoreAPI\TuPencaUy.Core.API.csproj", "{DF8B9477-CE4F-4D94-8C3A-76C7EDA0030F}"
EndProject
Project("{9A19103F-16F7-4668-BE54-9A1E7A4F7556}") = "TuPencaUy.Platform.DAO", "TuPencaUy.Platform.DAO\TuPencaUy.Platform.DAO.csproj", "{61778F25-08A9-4CB2-B4F8-2C9E441C555C}"
EndProject
Project("{9A19103F-16F7-4668-BE54-9A1E7A4F7556}") = "TuPencaUy.Core.DataServices", "TuPencaUy.Platform.DataServices\TuPencaUy.Core.DataServices.csproj", "{E7ECC8B6-A172-4D47-BCD2-6ECE9B8DF410}"
EndProject
Project("{9A19103F-16F7-4668-BE54-9A1E7A4F7556}") = "TuPencaUy.Core.DTOs", "TuPencaUy.DTOs\TuPencaUy.Core.DTOs.csproj", "{EF1E7342-49B6-4ADF-8C7E-945207005267}"
EndProject
Project("{9A19103F-16F7-4668-BE54-9A1E7A4F7556}") = "TuPencaUy.Core.Exceptions", "TuPencaUy.Exceptions\TuPencaUy.Core.Exceptions.csproj", "{F072A94C-8BF4-4D13-AE94-8FFCC0A96F58}"
EndProject
Project("{9A19103F-16F7-4668-BE54-9A1E7A4F7556}") = "TuPencaUy.Core.DataAccessLogic", "TuPencaUy.Core.DataAccessLogic\TuPencaUy.Core.DataAccessLogic.csproj", "{923BADFF-11D3-41AA-A574-205DC50123A8}"
EndProject
Project("{9A19103F-16F7-4668-BE54-9A1E7A4F7556}") = "TuPencaUy.Core.Enums", "TuPencaUy.Core.Enums\TuPencaUy.Core.Enums.csproj", "{3190E450-176C-4FEF-8CC1-E3CE2152FA53}"
EndProject
Project("{FAE04EC0-301F-11D3-BF4B-00C04F79EFBC}") = "TuPencaUy.Site.DAO", "TuPencaUy.Site.DAO\TuPencaUy.Site.DAO.csproj", "{30F7E79C-4D4A-473F-A8AA-73894844BDB7}"
EndProject
Global
	GlobalSection(SolutionConfigurationPlatforms) = preSolution
		Debug|Any CPU = Debug|Any CPU
		Release|Any CPU = Release|Any CPU
	EndGlobalSection
	GlobalSection(ProjectConfigurationPlatforms) = postSolution
		{DF8B9477-CE4F-4D94-8C3A-76C7EDA0030F}.Debug|Any CPU.ActiveCfg = Debug|Any CPU
		{DF8B9477-CE4F-4D94-8C3A-76C7EDA0030F}.Debug|Any CPU.Build.0 = Debug|Any CPU
		{DF8B9477-CE4F-4D94-8C3A-76C7EDA0030F}.Release|Any CPU.ActiveCfg = Release|Any CPU
		{DF8B9477-CE4F-4D94-8C3A-76C7EDA0030F}.Release|Any CPU.Build.0 = Release|Any CPU
		{61778F25-08A9-4CB2-B4F8-2C9E441C555C}.Debug|Any CPU.ActiveCfg = Debug|Any CPU
		{61778F25-08A9-4CB2-B4F8-2C9E441C555C}.Debug|Any CPU.Build.0 = Debug|Any CPU
		{61778F25-08A9-4CB2-B4F8-2C9E441C555C}.Release|Any CPU.ActiveCfg = Release|Any CPU
		{61778F25-08A9-4CB2-B4F8-2C9E441C555C}.Release|Any CPU.Build.0 = Release|Any CPU
		{E7ECC8B6-A172-4D47-BCD2-6ECE9B8DF410}.Debug|Any CPU.ActiveCfg = Debug|Any CPU
		{E7ECC8B6-A172-4D47-BCD2-6ECE9B8DF410}.Debug|Any CPU.Build.0 = Debug|Any CPU
		{E7ECC8B6-A172-4D47-BCD2-6ECE9B8DF410}.Release|Any CPU.ActiveCfg = Release|Any CPU
		{E7ECC8B6-A172-4D47-BCD2-6ECE9B8DF410}.Release|Any CPU.Build.0 = Release|Any CPU
		{EF1E7342-49B6-4ADF-8C7E-945207005267}.Debug|Any CPU.ActiveCfg = Debug|Any CPU
		{EF1E7342-49B6-4ADF-8C7E-945207005267}.Debug|Any CPU.Build.0 = Debug|Any CPU
		{EF1E7342-49B6-4ADF-8C7E-945207005267}.Release|Any CPU.ActiveCfg = Release|Any CPU
		{EF1E7342-49B6-4ADF-8C7E-945207005267}.Release|Any CPU.Build.0 = Release|Any CPU
		{F072A94C-8BF4-4D13-AE94-8FFCC0A96F58}.Debug|Any CPU.ActiveCfg = Debug|Any CPU
		{F072A94C-8BF4-4D13-AE94-8FFCC0A96F58}.Debug|Any CPU.Build.0 = Debug|Any CPU
		{F072A94C-8BF4-4D13-AE94-8FFCC0A96F58}.Release|Any CPU.ActiveCfg = Release|Any CPU
		{F072A94C-8BF4-4D13-AE94-8FFCC0A96F58}.Release|Any CPU.Build.0 = Release|Any CPU
		{923BADFF-11D3-41AA-A574-205DC50123A8}.Debug|Any CPU.ActiveCfg = Debug|Any CPU
		{923BADFF-11D3-41AA-A574-205DC50123A8}.Debug|Any CPU.Build.0 = Debug|Any CPU
		{923BADFF-11D3-41AA-A574-205DC50123A8}.Release|Any CPU.ActiveCfg = Release|Any CPU
		{923BADFF-11D3-41AA-A574-205DC50123A8}.Release|Any CPU.Build.0 = Release|Any CPU
		{3190E450-176C-4FEF-8CC1-E3CE2152FA53}.Debug|Any CPU.ActiveCfg = Debug|Any CPU
		{3190E450-176C-4FEF-8CC1-E3CE2152FA53}.Debug|Any CPU.Build.0 = Debug|Any CPU
		{3190E450-176C-4FEF-8CC1-E3CE2152FA53}.Release|Any CPU.ActiveCfg = Release|Any CPU
		{3190E450-176C-4FEF-8CC1-E3CE2152FA53}.Release|Any CPU.Build.0 = Release|Any CPU
		{30F7E79C-4D4A-473F-A8AA-73894844BDB7}.Debug|Any CPU.ActiveCfg = Debug|Any CPU
		{30F7E79C-4D4A-473F-A8AA-73894844BDB7}.Debug|Any CPU.Build.0 = Debug|Any CPU
		{30F7E79C-4D4A-473F-A8AA-73894844BDB7}.Release|Any CPU.ActiveCfg = Release|Any CPU
		{30F7E79C-4D4A-473F-A8AA-73894844BDB7}.Release|Any CPU.Build.0 = Release|Any CPU
	EndGlobalSection
	GlobalSection(SolutionProperties) = preSolution
		HideSolutionNode = FALSE
	EndGlobalSection
	GlobalSection(ExtensibilityGlobals) = postSolution
		SolutionGuid = {44330B1F-D492-420D-8C0F-FC54A7E4C7F4}
	EndGlobalSection
EndGlobal
